PODS:
  - Firebase/Auth (10.15.0):
    - Firebase/CoreOnly
    - FirebaseAuth (~> 10.15.0)
  - Firebase/CoreOnly (10.15.0):
    - FirebaseCore (= 10.15.0)
  - Firebase/Storage (10.15.0):
    - Firebase/CoreOnly
    - FirebaseStorage (~> 10.15.0)
  - firebase_auth (4.11.0):
    - Firebase/Auth (= 10.15.0)
    - firebase_core
    - Flutter
  - firebase_core (2.18.0):
    - Firebase/CoreOnly (= 10.15.0)
    - Flutter
  - firebase_storage (11.3.0):
    - Firebase/Storage (= 10.15.0)
    - firebase_core
    - Flutter
  - FirebaseAppCheckInterop (10.16.0)
  - FirebaseAuth (10.15.0):
    - FirebaseAppCheckInterop (~> 10.0)
    - FirebaseCore (~> 10.0)
    - GoogleUtilities/AppDelegateSwizzler (~> 7.8)
    - GoogleUtilities/Environment (~> 7.8)
    - GTMSessionFetcher/Core (< 4.0, >= 2.1)
    - RecaptchaInterop (~> 100.0)
  - FirebaseAuthInterop (10.16.0)
  - FirebaseCore (10.15.0):
    - FirebaseCoreInternal (~> 10.0)
    - GoogleUtilities/Environment (~> 7.8)
    - GoogleUtilities/Logger (~> 7.8)
  - FirebaseCoreExtension (10.16.0):
    - FirebaseCore (~> 10.0)
  - FirebaseCoreInternal (10.16.0):
    - "GoogleUtilities/NSData+zlib (~> 7.8)"
  - FirebaseStorage (10.15.0):
    - FirebaseAppCheckInterop (~> 10.0)
    - FirebaseAuthInterop (~> 10.0)
    - FirebaseCore (~> 10.0)
    - FirebaseCoreExtension (~> 10.0)
    - GTMSessionFetcher/Core (< 4.0, >= 2.1)
  - Flutter (1.0.0)
  - flutter_image_compress_common (1.0.0):
    - Flutter
    - Mantle
    - SDWebImage
    - SDWebImageWebPCoder
  - flutter_nearby_connections (0.0.1):
    - Flutter
    - SwiftyJSON (~> 4.0)
  - flutter_secure_storage (6.0.0):
    - Flutter
  - GoogleUtilities/AppDelegateSwizzler (7.11.5):
    - GoogleUtilities/Environment
    - GoogleUtilities/Logger
    - GoogleUtilities/Network
  - GoogleUtilities/Environment (7.11.5):
    - PromisesObjC (< 3.0, >= 1.2)
  - GoogleUtilities/Logger (7.11.5):
    - GoogleUtilities/Environment
  - GoogleUtilities/Network (7.11.5):
    - GoogleUtilities/Logger
    - "GoogleUtilities/NSData+zlib"
    - GoogleUtilities/Reachability
  - "GoogleUtilities/NSData+zlib (7.11.5)"
  - GoogleUtilities/Reachability (7.11.5):
    - GoogleUtilities/Logger
  - GTMSessionFetcher/Core (3.1.1)
  - image_picker_ios (0.0.1):
    - Flutter
  - libwebp (1.3.2):
    - libwebp/demux (= 1.3.2)
    - libwebp/mux (= 1.3.2)
    - libwebp/sharpyuv (= 1.3.2)
    - libwebp/webp (= 1.3.2)
  - libwebp/demux (1.3.2):
    - libwebp/webp
  - libwebp/mux (1.3.2):
    - libwebp/demux
  - libwebp/sharpyuv (1.3.2)
  - libwebp/webp (1.3.2):
    - libwebp/sharpyuv
  - Mantle (2.2.0):
    - Mantle/extobjc (= 2.2.0)
  - Mantle/extobjc (2.2.0)
  - path_provider_foundation (0.0.1):
    - Flutter
    - FlutterMacOS
  - PromisesObjC (2.3.1)
  - RecaptchaInterop (100.0.0)
  - SDWebImage (5.18.2):
    - SDWebImage/Core (= 5.18.2)
  - SDWebImage/Core (5.18.2)
  - SDWebImageWebPCoder (0.14.0):
    - libwebp (~> 1.0)
    - SDWebImage/Core (~> 5.17)
  - shared_preferences_foundation (0.0.1):
    - Flutter
    - FlutterMacOS
  - SwiftyJSON (4.3.0)
  - url_launcher_ios (0.0.1):
    - Flutter

DEPENDENCIES:
  - firebase_auth (from `.symlinks/plugins/firebase_auth/ios`)
  - firebase_core (from `.symlinks/plugins/firebase_core/ios`)
  - firebase_storage (from `.symlinks/plugins/firebase_storage/ios`)
  - Flutter (from `Flutter`)
  - flutter_image_compress_common (from `.symlinks/plugins/flutter_image_compress_common/ios`)
  - flutter_nearby_connections (from `.symlinks/plugins/flutter_nearby_connections/ios`)
  - flutter_secure_storage (from `.symlinks/plugins/flutter_secure_storage/ios`)
  - image_picker_ios (from `.symlinks/plugins/image_picker_ios/ios`)
  - path_provider_foundation (from `.symlinks/plugins/path_provider_foundation/darwin`)
  - shared_preferences_foundation (from `.symlinks/plugins/shared_preferences_foundation/darwin`)
  - url_launcher_ios (from `.symlinks/plugins/url_launcher_ios/ios`)

SPEC REPOS:
  trunk:
    - Firebase
    - FirebaseAppCheckInterop
    - FirebaseAuth
    - FirebaseAuthInterop
    - FirebaseCore
    - FirebaseCoreExtension
    - FirebaseCoreInternal
    - FirebaseStorage
    - GoogleUtilities
    - GTMSessionFetcher
    - libwebp
    - Mantle
    - PromisesObjC
    - RecaptchaInterop
    - SDWebImage
    - SDWebImageWebPCoder
    - SwiftyJSON

EXTERNAL SOURCES:
  firebase_auth:
    :path: ".symlinks/plugins/firebase_auth/ios"
  firebase_core:
    :path: ".symlinks/plugins/firebase_core/ios"
  firebase_storage:
    :path: ".symlinks/plugins/firebase_storage/ios"
  Flutter:
    :path: Flutter
  flutter_image_compress_common:
    :path: ".symlinks/plugins/flutter_image_compress_common/ios"
  flutter_nearby_connections:
    :path: ".symlinks/plugins/flutter_nearby_connections/ios"
  flutter_secure_storage:
    :path: ".symlinks/plugins/flutter_secure_storage/ios"
  image_picker_ios:
    :path: ".symlinks/plugins/image_picker_ios/ios"
  path_provider_foundation:
    :path: ".symlinks/plugins/path_provider_foundation/darwin"
  shared_preferences_foundation:
    :path: ".symlinks/plugins/shared_preferences_foundation/darwin"
  url_launcher_ios:
    :path: ".symlinks/plugins/url_launcher_ios/ios"

SPEC CHECKSUMS:
  Firebase: 66043bd4579e5b73811f96829c694c7af8d67435
  firebase_auth: d958ee5a8fe5906a77e025d2a0e0caf69f00aa28
  firebase_core: 49fd2395e3fbbf63f453888c8e9f42f541f4c11c
  firebase_storage: ff0478063d5e8a1cf34c03a778b5ed0638240504
  FirebaseAppCheckInterop: 82358cff9f33452dd44259e88eea5e562500b1cb
  FirebaseAuth: a55ec5f7f8a5b1c2dd750235c1bb419bfb642445
  FirebaseAuthInterop: b79fab8ce80e685145eee5f973d9ad5210e19d44
  FirebaseCore: 2cec518b43635f96afe7ac3a9c513e47558abd2e
  FirebaseCoreExtension: 2dbc745b337eb99d2026a7a309ae037bd873f45e
  FirebaseCoreInternal: 26233f705cc4531236818a07ac84d20c333e505a
  FirebaseStorage: 1d4be239ea32fb3c0f3680a6f2b706d6cabe37f2
  Flutter: f04841e97a9d0b0a8025694d0796dd46242b2854
  flutter_image_compress_common: ec1d45c362c9d30a3f6a0426c297f47c52007e3e
  flutter_nearby_connections: 68c6cb88dcbf781e74adac01f4e93b853a30ee34
  flutter_secure_storage: 23fc622d89d073675f2eaa109381aefbcf5a49be
  GoogleUtilities: 13e2c67ede716b8741c7989e26893d151b2b2084
  GTMSessionFetcher: e8647203b65cee28c5f73d0f473d096653945e72
  image_picker_ios: 4a8aadfbb6dc30ad5141a2ce3832af9214a705b5
  libwebp: 1786c9f4ff8a279e4dac1e8f385004d5fc253009
  Mantle: c5aa8794a29a022dfbbfc9799af95f477a69b62d
  path_provider_foundation: 29f094ae23ebbca9d3d0cec13889cd9060c0e943
  PromisesObjC: c50d2056b5253dadbd6c2bea79b0674bd5a52fa4
  RecaptchaInterop: 7d1a4a01a6b2cb1610a47ef3f85f0c411434cb21
  SDWebImage: c0de394d7cf7f9838aed1fd6bb6037654a4572e4
  SDWebImageWebPCoder: 3027af94522d94df79c21c070894c8a2128927ff
  shared_preferences_foundation: 5b919d13b803cadd15ed2dc053125c68730e5126
  SwiftyJSON: 6faa0040f8b59dead0ee07436cbf76b73c08fd08
  url_launcher_ios: 08a3dfac5fb39e8759aeb0abbd5d9480f30fc8b4

PODFILE CHECKSUM: b4fcb4dac6633cea29eadb3347fa9e9b0e939927

COCOAPODS: 1.11.3
